
Microsoft Visual Studio Solution File, Format Version 12.00
# Visual Studio Version 17
VisualStudioVersion = 17.5.33516.290
MinimumVisualStudioVersion = 10.0.40219.1
Project("{FAE04EC0-301F-11D3-BF4B-00C04F79EFBC}") = "Tak.Client", "Tak.Client.csproj", "{62480EF6-CB10-4D86-808F-89EFDC562C74}"
EndProject
Project("{FAE04EC0-301F-11D3-BF4B-00C04F79EFBC}") = "Tak.Client.Tests", ".\Tak.Client.Tests\Tak.Client.Tests.csproj", "{88C804B8-6BAC-4B92-8E40-A69867EA2C80}"
EndProject
Project("{2150E333-8FDC-42A3-9474-1A3956D46DE8}") = "Solution Items", "Solution Items", "{9CFA85B9-0168-4DD8-B8DD-8D1949FD89DE}"
	ProjectSection(SolutionItems) = preProject
		.editorconfig = .editorconfig
	EndProjectSection
EndProject
Global
	GlobalSection(SolutionConfigurationPlatforms) = preSolution
		Debug|Any CPU = Debug|Any CPU
		Release|Any CPU = Release|Any CPU
	EndGlobalSection
	GlobalSection(ProjectConfigurationPlatforms) = postSolution
		{62480EF6-CB10-4D86-808F-89EFDC562C74}.Debug|Any CPU.ActiveCfg = Debug|Any CPU
		{62480EF6-CB10-4D86-808F-89EFDC562C74}.Debug|Any CPU.Build.0 = Debug|Any CPU
		{62480EF6-CB10-4D86-808F-89EFDC562C74}.Release|Any CPU.ActiveCfg = Release|Any CPU
		{62480EF6-CB10-4D86-808F-89EFDC562C74}.Release|Any CPU.Build.0 = Release|Any CPU
		{88C804B8-6BAC-4B92-8E40-A69867EA2C80}.Debug|Any CPU.ActiveCfg = Debug|Any CPU
		{88C804B8-6BAC-4B92-8E40-A69867EA2C80}.Debug|Any CPU.Build.0 = Debug|Any CPU
		{88C804B8-6BAC-4B92-8E40-A69867EA2C80}.Release|Any CPU.ActiveCfg = Release|Any CPU
		{88C804B8-6BAC-4B92-8E40-A69867EA2C80}.Release|Any CPU.Build.0 = Release|Any CPU
	EndGlobalSection
	GlobalSection(SolutionProperties) = preSolution
		HideSolutionNode = FALSE
	EndGlobalSection
	GlobalSection(ExtensibilityGlobals) = postSolution
		SolutionGuid = {0CA34DA1-3892-4055-A199-195B1E5B0CFC}
	EndGlobalSection
EndGlobal
